# generated by rye
# use `rye lock` or `rye sync` to update this lockfile
#
# last locked with the following flags:
#   pre: false
#   features: []
#   all-features: false
#   with-sources: false
#   generate-hashes: false
#   universal: false

-e file:.
anchorbrowser==0.1.0a3
    # via langchain-anchorbrowser
annotated-types==0.7.0
    # via pydantic
anyio==4.9.0
    # via anchorbrowser
    # via httpx
certifi==2025.8.3
    # via httpcore
    # via httpx
    # via requests
charset-normalizer==3.4.2
    # via requests
distro==1.9.0
    # via anchorbrowser
exceptiongroup==1.3.0
    # via anyio
    # via pytest
greenlet==3.2.3
    # via playwright
h11==0.16.0
    # via httpcore
httpcore==1.0.9
    # via httpx
httpx==0.28.1
    # via anchorbrowser
    # via langsmith
idna==3.10
    # via anyio
    # via httpx
    # via requests
iniconfig==2.1.0
    # via pytest
jsonpatch==1.33
    # via langchain-core
jsonpointer==3.0.0
    # via jsonpatch
langchain-core==0.3.72
    # via langchain-anchorbrowser
langsmith==0.4.10
    # via langchain-core
orjson==3.11.1
    # via langsmith
packaging==25.0
    # via langchain-core
    # via langsmith
    # via pytest
playwright==1.54.0
    # via pytest-playwright
pluggy==1.6.0
    # via pytest
pydantic==2.11.7
    # via anchorbrowser
    # via langchain-core
    # via langsmith
pydantic-core==2.33.2
    # via pydantic
pyee==13.0.0
    # via playwright
pygments==2.19.2
    # via pytest
pytest==8.4.1
    # via pytest-base-url
    # via pytest-playwright
pytest-base-url==2.1.0
    # via pytest-playwright
pytest-playwright==0.7.0
    # via anchorbrowser
python-slugify==8.0.4
    # via pytest-playwright
pyyaml==6.0.2
    # via langchain-core
requests==2.32.4
    # via langsmith
    # via pytest-base-url
    # via requests-toolbelt
requests-toolbelt==1.0.0
    # via langsmith
sniffio==1.3.1
    # via anchorbrowser
    # via anyio
tenacity==9.1.2
    # via langchain-core
text-unidecode==1.3
    # via python-slugify
tomli==2.2.1
    # via pytest
typing-extensions==4.14.1
    # via anchorbrowser
    # via anyio
    # via exceptiongroup
    # via langchain-core
    # via pydantic
    # via pydantic-core
    # via pyee
    # via typing-inspection
typing-inspection==0.4.1
    # via pydantic
urllib3==2.5.0
    # via requests
websockets==15.0.1
    # via anchorbrowser
zstandard==0.23.0
    # via langsmith
